// !$*UTF8*$!
{
	archiveVersion = 1;
	classes = {
	};
	objectVersion = 46;
	objects = {

/* Begin PBXBuildFile section */
		BAE417181E3911C800CEC0A3 /* AppDelegate.swift in Sources */ = {isa = PBXBuildFile; fileRef = BAE417171E3911C800CEC0A3 /* AppDelegate.swift */; };
		BAE4171A1E3911C800CEC0A3 /* ViewController.swift in Sources */ = {isa = PBXBuildFile; fileRef = BAE417191E3911C800CEC0A3 /* ViewController.swift */; };
		BAE4171D1E3911C800CEC0A3 /* Main.storyboard in Resources */ = {isa = PBXBuildFile; fileRef = BAE4171B1E3911C800CEC0A3 /* Main.storyboard */; };
		BAE417201E3911C800CEC0A3 /* Project4.xcdatamodeld in Sources */ = {isa = PBXBuildFile; fileRef = BAE4171E1E3911C800CEC0A3 /* Project4.xcdatamodeld */; };
		BAE417221E3911C800CEC0A3 /* Assets.xcassets in Resources */ = {isa = PBXBuildFile; fileRef = BAE417211E3911C800CEC0A3 /* Assets.xcassets */; };
		BAE417251E3911C800CEC0A3 /* LaunchScreen.storyboard in Resources */ = {isa = PBXBuildFile; fileRef = BAE417231E3911C800CEC0A3 /* LaunchScreen.storyboard */; };
/* End PBXBuildFile section */

/* Begin PBXFileReference section */
		BAE417141E3911C800CEC0A3 /* Project4.app */ = {isa = PBXFileReference; explicitFileType = wrapper.application; includeInIndex = 0; path = Project4.app; sourceTree = BUILT_PRODUCTS_DIR; };
		BAE417171E3911C800CEC0A3 /* AppDelegate.swift */ = {isa = PBXFileReference; lastKnownFileType = sourcecode.swift; path = AppDelegate.swift; sourceTree = "<group>"; };
		BAE417191E3911C800CEC0A3 /* ViewController.swift */ = {isa = PBXFileReference; lastKnownFileType = sourcecode.swift; path = ViewController.swift; sourceTree = "<group>"; };
		BAE4171C1E3911C800CEC0A3 /* Base */ = {isa = PBXFileReference; lastKnownFileType = file.storyboard; name = Base; path = Base.lproj/Main.storyboard; sourceTree = "<group>"; };
		BAE4171F1E3911C800CEC0A3 /* Project4.xcdatamodel */ = {isa = PBXFileReference; lastKnownFileType = wrapper.xcdatamodel; path = Project4.xcdatamodel; sourceTree = "<group>"; };
		BAE417211E3911C800CEC0A3 /* Assets.xcassets */ = {isa = PBXFileReference; lastKnownFileType = folder.assetcatalog; path = Assets.xcassets; sourceTree = "<group>"; };
		BAE417241E3911C800CEC0A3 /* Base */ = {isa = PBXFileReference; lastKnownFileType = file.storyboard; name = Base; path = Base.lproj/LaunchScreen.storyboard; sourceTree = "<group>"; };
		BAE417261E3911C800CEC0A3 /* Info.plist */ = {isa = PBXFileReference; lastKnownFileType = text.plist.xml; path = Info.plist; sourceTree = "<group>"; };
/* End PBXFileReference section */

/* Begin PBXFrameworksBuildPhase section */
		BAE417111E3911C800CEC0A3 /* Frameworks */ = {
			isa = PBXFrameworksBuildPhase;
			buildActionMask = 2147483647;
			files = (
			);
			runOnlyForDeploymentPostprocessing = 0;
		};
/* End PBXFrameworksBuildPhase section */

/* Begin PBXGroup section */
		BAE4170B1E3911C800CEC0A3 = {
			isa = PBXGroup;
			children = (
				BAE417161E3911C800CEC0A3 /* Project4 */,
				BAE417151E3911C800CEC0A3 /* Products */,
			);
			sourceTree = "<group>";
		};
		BAE417151E3911C800CEC0A3 /* Products */ = {
			isa = PBXGroup;
			children = (
				BAE417141E3911C800CEC0A3 /* Project4.app */,
			);
			name = Products;
			sourceTree = "<group>";
		};
		BAE417161E3911C800CEC0A3 /* Project4 */ = {
			isa = PBXGroup;
			children = (
				BAE417171E3911C800CEC0A3 /* AppDelegate.swift */,
				BAE417191E3911C800CEC0A3 /* ViewController.swift */,
				BAE4171B1E3911C800CEC0A3 /* Main.storyboard */,
				BAE417211E3911C800CEC0A3 /* Assets.xcassets */,
				BAE417231E3911C800CEC0A3 /* LaunchScreen.storyboard */,
				BAE417261E3911C800CEC0A3 /* Info.plist */,
				BAE4171E1E3911C800CEC0A3 /* Project4.xcdatamodeld */,
			);
			path = Project4;
			sourceTree = "<group>";
		};
/* End PBXGroup section */

/* Begin PBXNativeTarget section */
		BAE417131E3911C800CEC0A3 /* Project4 */ = {
			isa = PBXNativeTarget;
			buildConfigurationList = BAE417291E3911C800CEC0A3 /* Build configuration list for PBXNativeTarget "Project4" */;
			buildPhases = (
				BAE417101E3911C800CEC0A3 /* Sources */,
				BAE417111E3911C800CEC0A3 /* Frameworks */,
				BAE417121E3911C800CEC0A3 /* Resources */,
			);
			buildRules = (
			);
			dependencies = (
			);
			name = Project4;
			productName = Project4;
			productReference = BAE417141E3911C800CEC0A3 /* Project4.app */;
			productType = "com.apple.product-type.application";
		};
/* End PBXNativeTarget section */

/* Begin PBXProject section */
		BAE4170C1E3911C800CEC0A3 /* Project object */ = {
			isa = PBXProject;
			attributes = {
				LastSwiftUpdateCheck = 0820;
				LastUpgradeCheck = 0820;
				ORGANIZATIONNAME = "Andrew Moskowitz";
				TargetAttributes = {
					BAE417131E3911C800CEC0A3 = {
						CreatedOnToolsVersion = 8.2.1;
						DevelopmentTeam = PTXFTHG55Z;
						ProvisioningStyle = Automatic;
					};
				};
			};
			buildConfigurationList = BAE4170F1E3911C800CEC0A3 /* Build configuration list for PBXProject "Project4" */;
			compatibilityVersion = "Xcode 3.2";
			developmentRegion = English;
			hasScannedForEncodings = 0;
			knownRegions = (
				en,
				Base,
			);
			mainGroup = BAE4170B1E3911C800CEC0A3;
			productRefGroup = BAE417151E3911C800CEC0A3 /* Products */;
			projectDirPath = "";
			projectRoot = "";
			targets = (
				BAE417131E3911C800CEC0A3 /* Project4 */,
			);
		};
/* End PBXProject section */

/* Begin PBXResourcesBuildPhase section */
		BAE417121E3911C800CEC0A3 /* Resources */ = {
			isa = PBXResourcesBuildPhase;
			buildActionMask = 2147483647;
			files = (
				BAE417251E3911C800CEC0A3 /* LaunchScreen.storyboard in Resources */,
				BAE417221E3911C800CEC0A3 /* Assets.xcassets in Resources */,
				BAE4171D1E3911C800CEC0A3 /* Main.storyboard in Resources */,
			);
			runOnlyForDeploymentPostprocessing = 0;
		};
/* End PBXResourcesBuildPhase section */

/* Begin PBXSourcesBuildPhase section */
		BAE417101E3911C800CEC0A3 /* Sources */ = {
			isa = PBXSourcesBuildPhase;
			buildActionMask = 2147483647;
			files = (
				BAE4171A1E3911C800CEC0A3 /* ViewController.swift in Sources */,
				BAE417181E3911C800CEC0A3 /* AppDelegate.swift in Sources */,
				BAE417201E3911C800CEC0A3 /* Project4.xcdatamodeld in Sources */,
			);
			runOnlyForDeploymentPostprocessing = 0;
		};
/* End PBXSourcesBuildPhase section */

/* Begin PBXVariantGroup section */
		BAE4171B1E3911C800CEC0A3 /* Main.storyboard */ = {
			isa = PBXVariantGroup;
			children = (
				BAE4171C1E3911C800CEC0A3 /* Base */,
			);
			name = Main.storyboard;
			sourceTree = "<group>";
		};
		BAE417231E3911C800CEC0A3 /* LaunchScreen.storyboard */ = {
			isa = PBXVariantGroup;
			children = (
				BAE417241E3911C800CEC0A3 /* Base */,
			);
			name = LaunchScreen.storyboard;
			sourceTree = "<group>";
		};
/* End PBXVariantGroup section */

/* Begin XCBuildConfiguration section */
		BAE417271E3911C800CEC0A3 /* Debug */ = {
			isa = XCBuildConfiguration;
			buildSettings = {
				ALWAYS_SEARCH_USER_PATHS = NO;
				CLANG_ANALYZER_NONNULL = YES;
				CLANG_CXX_LANGUAGE_STANDARD = "gnu++0x";
				CLANG_CXX_LIBRARY = "libc++";
				CLANG_ENABLE_MODULES = YES;
				CLANG_ENABLE_OBJC_ARC = YES;
				CLANG_WARN_BOOL_CONVERSION = YES;
				CLANG_WARN_CONSTANT_CONVERSION = YES;
				CLANG_WARN_DIRECT_OBJC_ISA_USAGE = YES_ERROR;
				CLANG_WARN_DOCUMENTATION_COMMENTS = YES;
				CLANG_WARN_EMPTY_BODY = YES;
				CLANG_WARN_ENUM_CONVERSION = YES;
				CLANG_WARN_INFINITE_RECURSION = YES;
				CLANG_WARN_INT_CONVERSION = YES;
				CLANG_WARN_OBJC_ROOT_CLASS = YES_ERROR;
				CLANG_WARN_SUSPICIOUS_MOVE = YES;
				CLANG_WARN_UNREACHABLE_CODE = YES;
				CLANG_WARN__DUPLICATE_METHOD_MATCH = YES;
				"CODE_SIGN_IDENTITY[sdk=iphoneos*]" = "iPhone Developer";
				COPY_PHASE_STRIP = NO;
				DEBUG_INFORMATION_FORMAT = dwarf;
				ENABLE_STRICT_OBJC_MSGSEND = YES;
				ENABLE_TESTABILITY = YES;
				GCC_C_LANGUAGE_STANDARD = gnu99;
				GCC_DYNAMIC_NO_PIC = NO;
				GCC_NO_COMMON_BLOCKS = YES;
				GCC_OPTIMIZATION_LEVEL = 0;
				GCC_PREPROCESSOR_DEFINITIONS = (
					"DEBUG=1",
					"$(inherited)",
				);
				GCC_WARN_64_TO_32_BIT_CONVERSION = YES;
				GCC_WARN_ABOUT_RETURN_TYPE = YES_ERROR;
				GCC_WARN_UNDECLARED_SELECTOR = YES;
				GCC_WARN_UNINITIALIZED_AUTOS = YES_AGGRESSIVE;
				GCC_WARN_UNUSED_FUNCTION = YES;
				GCC_WARN_UNUSED_VARIABLE = YES;
				IPHONEOS_DEPLOYMENT_TARGET = 10.2;
				MTL_ENABLE_DEBUG_INFO = YES;
				ONLY_ACTIVE_ARCH = YES;
				SDKROOT = iphoneos;
				SWIFT_ACTIVE_COMPILATION_CONDITIONS = DEBUG;
				SWIFT_OPTIMIZATION_LEVEL = "-Onone";
			};
			name = Debug;
		};
		BAE417281E3911C800CEC0A3 /* Release */ = {
			isa = XCBuildConfiguration;
			buildSettings = {
				ALWAYS_SEARCH_USER_PATHS = NO;
				CLANG_ANALYZER_NONNULL = YES;
				CLANG_CXX_LANGUAGE_STANDARD = "gnu++0x";
				CLANG_CXX_LIBRARY = "libc++";
				CLANG_ENABLE_MODULES = YES;
				CLANG_ENABLE_OBJC_ARC = YES;
				CLANG_WARN_BOOL_CONVERSION = YES;
				CLANG_WARN_CONSTANT_CONVERSION = YES;
				CLANG_WARN_DIRECT_OBJC_ISA_USAGE = YES_ERROR;
				CLANG_WARN_DOCUMENTATION_COMMENTS = YES;
				CLANG_WARN_EMPTY_BODY = YES;
				CLANG_WARN_ENUM_CONVERSION = YES;
				CLANG_WARN_INFINITE_RECURSION = YES;
				CLANG_WARN_INT_CONVERSION = YES;
				CLANG_WARN_OBJC_ROOT_CLASS = YES_ERROR;
				CLANG_WARN_SUSPICIOUS_MOVE = YES;
				CLANG_WARN_UNREACHABLE_CODE = YES;
				CLANG_WARN__DUPLICATE_METHOD_MATCH = YES;
				"CODE_SIGN_IDENTITY[sdk=iphoneos*]" = "iPhone Developer";
				COPY_PHASE_STRIP = NO;
				DEBUG_INFORMATION_FORMAT = "dwarf-with-dsym";
				ENABLE_NS_ASSERTIONS = NO;
				ENABLE_STRICT_OBJC_MSGSEND = YES;
				GCC_C_LANGUAGE_STANDARD = gnu99;
				GCC_NO_COMMON_BLOCKS = YES;
				GCC_WARN_64_TO_32_BIT_CONVERSION = YES;
				GCC_WARN_ABOUT_RETURN_TYPE = YES_ERROR;
				GCC_WARN_UNDECLARED_SELECTOR = YES;
				GCC_WARN_UNINITIALIZED_AUTOS = YES_AGGRESSIVE;
				GCC_WARN_UNUSED_FUNCTION = YES;
				GCC_WARN_UNUSED_VARIABLE = YES;
				IPHONEOS_DEPLOYMENT_TARGET = 10.2;
				MTL_ENABLE_DEBUG_INFO = NO;
				SDKROOT = iphoneos;
				SWIFT_OPTIMIZATION_LEVEL = "-Owholemodule";
				VALIDATE_PRODUCT = YES;
			};
			name = Release;
		};
		BAE4172A1E3911C800CEC0A3 /* Debug */ = {
			isa = XCBuildConfiguration;
			buildSettings = {
				ASSETCATALOG_COMPILER_APPICON_NAME = AppIcon;
				DEVELOPMENT_TEAM = PTXFTHG55Z;
				INFOPLIST_FILE = Project4/Info.plist;
				LD_RUNPATH_SEARCH_PATHS = "$(inherited) @executable_path/Frameworks";
				PRODUCT_BUNDLE_IDENTIFIER = com.andrewmoskowitz.Project4;
				PRODUCT_NAME = "$(TARGET_NAME)";
				SWIFT_VERSION = 3.0;
			};
			name = Debug;
		};
		BAE4172B1E3911C800CEC0A3 /* Release */ = {
			isa = XCBuildConfiguration;
			buildSettings = {
				ASSETCATALOG_COMPILER_APPICON_NAME = AppIcon;
				DEVELOPMENT_TEAM = PTXFTHG55Z;
				INFOPLIST_FILE = Project4/Info.plist;
				LD_RUNPATH_SEARCH_PATHS = "$(inherited) @executable_path/Frameworks";
				PRODUCT_BUNDLE_IDENTIFIER = com.andrewmoskowitz.Project4;
				PRODUCT_NAME = "$(TARGET_NAME)";
				SWIFT_VERSION = 3.0;
			};
			name = Release;
		};
/* End XCBuildConfiguration section */

/* Begin XCConfigurationList section */
		BAE4170F1E3911C800CEC0A3 /* Build configuration list for PBXProject "Project4" */ = {
			isa = XCConfigurationList;
			buildConfigurations = (
				BAE417271E3911C800CEC0A3 /* Debug */,
				BAE417281E3911C800CEC0A3 /* Release */,
			);
			defaultConfigurationIsVisible = 0;
			defaultConfigurationName = Release;
		};
		BAE417291E3911C800CEC0A3 /* Build configuration list for PBXNativeTarget "Project4" */ = {
			isa = XCConfigurationList;
			buildConfigurations = (
				BAE4172A1E3911C800CEC0A3 /* Debug */,
				BAE4172B1E3911C800CEC0A3 /* Release */,
			);
			defaultConfigurationIsVisible = 0;
		};
/* End XCConfigurationList section */

/* Begin XCVersionGroup section */
		BAE4171E1E3911C800CEC0A3 /* Project4.xcdatamodeld */ = {
			isa = XCVersionGroup;
			children = (
				BAE4171F1E3911C800CEC0A3 /* Project4.xcdatamodel */,
			);
			currentVersion = BAE4171F1E3911C800CEC0A3 /* Project4.xcdatamodel */;
			path = Project4.xcdatamodeld;
			sourceTree = "<group>";
			versionGroupType = wrapper.xcdatamodel;
		};
/* End XCVersionGroup section */
	};
	rootObject = BAE4170C1E3911C800CEC0A3 /* Project object */;
}
